
Microsoft Visual Studio Solution File, Format Version 12.00
# Visual Studio Version 16
VisualStudioVersion = 16.0.31624.102
MinimumVisualStudioVersion = 10.0.40219.1
Project("{FAE04EC0-301F-11D3-BF4B-00C04F79EFBC}") = "Homework", "Homework.csproj", "{55EBF173-A61C-40C0-87F5-D5E48A54357B}"
EndProject
Global
	GlobalSection(SolutionConfigurationPlatforms) = preSolution
		Debug|Any CPU = Debug|Any CPU
		Release|Any CPU = Release|Any CPU
	EndGlobalSection
	GlobalSection(ProjectConfigurationPlatforms) = postSolution
		{55EBF173-A61C-40C0-87F5-D5E48A54357B}.Debug|Any CPU.ActiveCfg = Debug|Any CPU
		{55EBF173-A61C-40C0-87F5-D5E48A54357B}.Debug|Any CPU.Build.0 = Debug|Any CPU
		{55EBF173-A61C-40C0-87F5-D5E48A54357B}.Release|Any CPU.ActiveCfg = Release|Any CPU
		{55EBF173-A61C-40C0-87F5-D5E48A54357B}.Release|Any CPU.Build.0 = Release|Any CPU
	EndGlobalSection
	GlobalSection(SolutionProperties) = preSolution
		HideSolutionNode = FALSE
	EndGlobalSection
	GlobalSection(ExtensibilityGlobals) = postSolution
		SolutionGuid = {55C6B49E-02DB-412A-A257-20BDAC5A5580}
	EndGlobalSection
EndGlobal
